# THIS IS AN AUTOGENERATED FILE. DO NOT EDIT THIS FILE DIRECTLY.
# yarn lockfile v1


ts-mongoose@^0.0.24:
  version "0.0.24"
  resolved "https://registry.yarnpkg.com/ts-mongoose/-/ts-mongoose-0.0.24.tgz#d6d1d4c5c62669560a3f3e26c0dd8a7365d1aee4"
  integrity sha512-BaiyNFqieRqEBnvj2pgWB6/eQJRm7U18kAzDJ92/sfcFx1aQBZeZztzutxr49VVlUvPHxukleIoU/t3VMCBsSA==
